// !$*UTF8*$!
{
	archiveVersion = 1;
	classes = {
	};
	objectVersion = 50;
	objects = {

/* Begin PBXBuildFile section */
		0D83D64322DE4B2C007DA9AF /* CueTableViewController.swift in Sources */ = {isa = PBXBuildFile; fileRef = 0D83D64222DE4B2C007DA9AF /* CueTableViewController.swift */; };
		0D83D64522E0E17D007DA9AF /* ViewController4.swift in Sources */ = {isa = PBXBuildFile; fileRef = 0D83D64422E0E17D007DA9AF /* ViewController4.swift */; };
		0D9574CD22D8CE1B005EAE7B /* AppDelegate.swift in Sources */ = {isa = PBXBuildFile; fileRef = 0D9574CC22D8CE1B005EAE7B /* AppDelegate.swift */; };
		0D9574CF22D8CE1B005EAE7B /* ViewController.swift in Sources */ = {isa = PBXBuildFile; fileRef = 0D9574CE22D8CE1B005EAE7B /* ViewController.swift */; };
		0D9574D222D8CE1B005EAE7B /* Main.storyboard in Resources */ = {isa = PBXBuildFile; fileRef = 0D9574D022D8CE1B005EAE7B /* Main.storyboard */; };
		0D9574D422D8CE26005EAE7B /* Assets.xcassets in Resources */ = {isa = PBXBuildFile; fileRef = 0D9574D322D8CE26005EAE7B /* Assets.xcassets */; };
		0D9574D722D8CE26005EAE7B /* LaunchScreen.storyboard in Resources */ = {isa = PBXBuildFile; fileRef = 0D9574D522D8CE26005EAE7B /* LaunchScreen.storyboard */; };
		0D9574E222D8CE26005EAE7B /* StageLightsPrototypeTests.swift in Sources */ = {isa = PBXBuildFile; fileRef = 0D9574E122D8CE26005EAE7B /* StageLightsPrototypeTests.swift */; };
		0D9574ED22D8CE26005EAE7B /* StageLightsPrototypeUITests.swift in Sources */ = {isa = PBXBuildFile; fileRef = 0D9574EC22D8CE26005EAE7B /* StageLightsPrototypeUITests.swift */; };
		0D9574FB22D8D424005EAE7B /* ViewController2.swift in Sources */ = {isa = PBXBuildFile; fileRef = 0D9574FA22D8D424005EAE7B /* ViewController2.swift */; };
/* End PBXBuildFile section */

/* Begin PBXContainerItemProxy section */
		0D9574DE22D8CE26005EAE7B /* PBXContainerItemProxy */ = {
			isa = PBXContainerItemProxy;
			containerPortal = 0D9574C122D8CE1B005EAE7B /* Project object */;
			proxyType = 1;
			remoteGlobalIDString = 0D9574C822D8CE1B005EAE7B;
			remoteInfo = StageLightsPrototype;
		};
		0D9574E922D8CE26005EAE7B /* PBXContainerItemProxy */ = {
			isa = PBXContainerItemProxy;
			containerPortal = 0D9574C122D8CE1B005EAE7B /* Project object */;
			proxyType = 1;
			remoteGlobalIDString = 0D9574C822D8CE1B005EAE7B;
			remoteInfo = StageLightsPrototype;
		};
/* End PBXContainerItemProxy section */

/* Begin PBXFileReference section */
		0D83D64222DE4B2C007DA9AF /* CueTableViewController.swift */ = {isa = PBXFileReference; lastKnownFileType = sourcecode.swift; name = CueTableViewController.swift; path = ../CueTableViewController.swift; sourceTree = "<group>"; };
		0D83D64422E0E17D007DA9AF /* ViewController4.swift */ = {isa = PBXFileReference; lastKnownFileType = sourcecode.swift; path = ViewController4.swift; sourceTree = "<group>"; };
		0D9574C922D8CE1B005EAE7B /* StageLightsPrototype.app */ = {isa = PBXFileReference; explicitFileType = wrapper.application; includeInIndex = 0; path = StageLightsPrototype.app; sourceTree = BUILT_PRODUCTS_DIR; };
		0D9574CC22D8CE1B005EAE7B /* AppDelegate.swift */ = {isa = PBXFileReference; lastKnownFileType = sourcecode.swift; path = AppDelegate.swift; sourceTree = "<group>"; };
		0D9574CE22D8CE1B005EAE7B /* ViewController.swift */ = {isa = PBXFileReference; lastKnownFileType = sourcecode.swift; path = ViewController.swift; sourceTree = "<group>"; };
		0D9574D122D8CE1B005EAE7B /* Base */ = {isa = PBXFileReference; lastKnownFileType = file.storyboard; name = Base; path = Base.lproj/Main.storyboard; sourceTree = "<group>"; };
		0D9574D322D8CE26005EAE7B /* Assets.xcassets */ = {isa = PBXFileReference; lastKnownFileType = folder.assetcatalog; path = Assets.xcassets; sourceTree = "<group>"; };
		0D9574D622D8CE26005EAE7B /* Base */ = {isa = PBXFileReference; lastKnownFileType = file.storyboard; name = Base; path = Base.lproj/LaunchScreen.storyboard; sourceTree = "<group>"; };
		0D9574D822D8CE26005EAE7B /* Info.plist */ = {isa = PBXFileReference; lastKnownFileType = text.plist.xml; path = Info.plist; sourceTree = "<group>"; };
		0D9574DD22D8CE26005EAE7B /* StageLightsPrototypeTests.xctest */ = {isa = PBXFileReference; explicitFileType = wrapper.cfbundle; includeInIndex = 0; path = StageLightsPrototypeTests.xctest; sourceTree = BUILT_PRODUCTS_DIR; };
		0D9574E122D8CE26005EAE7B /* StageLightsPrototypeTests.swift */ = {isa = PBXFileReference; lastKnownFileType = sourcecode.swift; path = StageLightsPrototypeTests.swift; sourceTree = "<group>"; };
		0D9574E322D8CE26005EAE7B /* Info.plist */ = {isa = PBXFileReference; lastKnownFileType = text.plist.xml; path = Info.plist; sourceTree = "<group>"; };
		0D9574E822D8CE26005EAE7B /* StageLightsPrototypeUITests.xctest */ = {isa = PBXFileReference; explicitFileType = wrapper.cfbundle; includeInIndex = 0; path = StageLightsPrototypeUITests.xctest; sourceTree = BUILT_PRODUCTS_DIR; };
		0D9574EC22D8CE26005EAE7B /* StageLightsPrototypeUITests.swift */ = {isa = PBXFileReference; lastKnownFileType = sourcecode.swift; path = StageLightsPrototypeUITests.swift; sourceTree = "<group>"; };
		0D9574EE22D8CE26005EAE7B /* Info.plist */ = {isa = PBXFileReference; lastKnownFileType = text.plist.xml; path = Info.plist; sourceTree = "<group>"; };
		0D9574FA22D8D424005EAE7B /* ViewController2.swift */ = {isa = PBXFileReference; lastKnownFileType = sourcecode.swift; path = ViewController2.swift; sourceTree = "<group>"; };
/* End PBXFileReference section */

/* Begin PBXFrameworksBuildPhase section */
		0D9574C622D8CE1B005EAE7B /* Frameworks */ = {
			isa = PBXFrameworksBuildPhase;
			buildActionMask = 2147483647;
			files = (
			);
			runOnlyForDeploymentPostprocessing = 0;
		};
		0D9574DA22D8CE26005EAE7B /* Frameworks */ = {
			isa = PBXFrameworksBuildPhase;
			buildActionMask = 2147483647;
			files = (
			);
			runOnlyForDeploymentPostprocessing = 0;
		};
		0D9574E522D8CE26005EAE7B /* Frameworks */ = {
			isa = PBXFrameworksBuildPhase;
			buildActionMask = 2147483647;
			files = (
			);
			runOnlyForDeploymentPostprocessing = 0;
		};
/* End PBXFrameworksBuildPhase section */

/* Begin PBXGroup section */
		0D9574C022D8CE1B005EAE7B = {
			isa = PBXGroup;
			children = (
				0D9574CB22D8CE1B005EAE7B /* StageLightsPrototype */,
				0D9574E022D8CE26005EAE7B /* StageLightsPrototypeTests */,
				0D9574EB22D8CE26005EAE7B /* StageLightsPrototypeUITests */,
				0D9574CA22D8CE1B005EAE7B /* Products */,
			);
			sourceTree = "<group>";
		};
		0D9574CA22D8CE1B005EAE7B /* Products */ = {
			isa = PBXGroup;
			children = (
				0D9574C922D8CE1B005EAE7B /* StageLightsPrototype.app */,
				0D9574DD22D8CE26005EAE7B /* StageLightsPrototypeTests.xctest */,
				0D9574E822D8CE26005EAE7B /* StageLightsPrototypeUITests.xctest */,
			);
			name = Products;
			sourceTree = "<group>";
		};
		0D9574CB22D8CE1B005EAE7B /* StageLightsPrototype */ = {
			isa = PBXGroup;
			children = (
				0D9574CC22D8CE1B005EAE7B /* AppDelegate.swift */,
				0D9574CE22D8CE1B005EAE7B /* ViewController.swift */,
				0D83D64222DE4B2C007DA9AF /* CueTableViewController.swift */,
				0D9574D022D8CE1B005EAE7B /* Main.storyboard */,
				0D83D64422E0E17D007DA9AF /* ViewController4.swift */,
				0D9574FA22D8D424005EAE7B /* ViewController2.swift */,
				0D9574D322D8CE26005EAE7B /* Assets.xcassets */,
				0D9574D522D8CE26005EAE7B /* LaunchScreen.storyboard */,
				0D9574D822D8CE26005EAE7B /* Info.plist */,
			);
			path = StageLightsPrototype;
			sourceTree = "<group>";
		};
		0D9574E022D8CE26005EAE7B /* StageLightsPrototypeTests */ = {
			isa = PBXGroup;
			children = (
				0D9574E122D8CE26005EAE7B /* StageLightsPrototypeTests.swift */,
				0D9574E322D8CE26005EAE7B /* Info.plist */,
			);
			path = StageLightsPrototypeTests;
			sourceTree = "<group>";
		};
		0D9574EB22D8CE26005EAE7B /* StageLightsPrototypeUITests */ = {
			isa = PBXGroup;
			children = (
				0D9574EC22D8CE26005EAE7B /* StageLightsPrototypeUITests.swift */,
				0D9574EE22D8CE26005EAE7B /* Info.plist */,
			);
			path = StageLightsPrototypeUITests;
			sourceTree = "<group>";
		};
/* End PBXGroup section */

/* Begin PBXNativeTarget section */
		0D9574C822D8CE1B005EAE7B /* StageLightsPrototype */ = {
			isa = PBXNativeTarget;
			buildConfigurationList = 0D9574F122D8CE26005EAE7B /* Build configuration list for PBXNativeTarget "StageLightsPrototype" */;
			buildPhases = (
				0D9574C522D8CE1B005EAE7B /* Sources */,
				0D9574C622D8CE1B005EAE7B /* Frameworks */,
				0D9574C722D8CE1B005EAE7B /* Resources */,
			);
			buildRules = (
			);
			dependencies = (
			);
			name = StageLightsPrototype;
			productName = StageLightsPrototype;
			productReference = 0D9574C922D8CE1B005EAE7B /* StageLightsPrototype.app */;
			productType = "com.apple.product-type.application";
		};
		0D9574DC22D8CE26005EAE7B /* StageLightsPrototypeTests */ = {
			isa = PBXNativeTarget;
			buildConfigurationList = 0D9574F422D8CE26005EAE7B /* Build configuration list for PBXNativeTarget "StageLightsPrototypeTests" */;
			buildPhases = (
				0D9574D922D8CE26005EAE7B /* Sources */,
				0D9574DA22D8CE26005EAE7B /* Frameworks */,
				0D9574DB22D8CE26005EAE7B /* Resources */,
			);
			buildRules = (
			);
			dependencies = (
				0D9574DF22D8CE26005EAE7B /* PBXTargetDependency */,
			);
			name = StageLightsPrototypeTests;
			productName = StageLightsPrototypeTests;
			productReference = 0D9574DD22D8CE26005EAE7B /* StageLightsPrototypeTests.xctest */;
			productType = "com.apple.product-type.bundle.unit-test";
		};
		0D9574E722D8CE26005EAE7B /* StageLightsPrototypeUITests */ = {
			isa = PBXNativeTarget;
			buildConfigurationList = 0D9574F722D8CE26005EAE7B /* Build configuration list for PBXNativeTarget "StageLightsPrototypeUITests" */;
			buildPhases = (
				0D9574E422D8CE26005EAE7B /* Sources */,
				0D9574E522D8CE26005EAE7B /* Frameworks */,
				0D9574E622D8CE26005EAE7B /* Resources */,
			);
			buildRules = (
			);
			dependencies = (
				0D9574EA22D8CE26005EAE7B /* PBXTargetDependency */,
			);
			name = StageLightsPrototypeUITests;
			productName = StageLightsPrototypeUITests;
			productReference = 0D9574E822D8CE26005EAE7B /* StageLightsPrototypeUITests.xctest */;
			productType = "com.apple.product-type.bundle.ui-testing";
		};
/* End PBXNativeTarget section */

/* Begin PBXProject section */
		0D9574C122D8CE1B005EAE7B /* Project object */ = {
			isa = PBXProject;
			attributes = {
				LastSwiftUpdateCheck = 1020;
				LastUpgradeCheck = 1020;
				ORGANIZATIONNAME = "TRC Lab User";
				TargetAttributes = {
					0D9574C822D8CE1B005EAE7B = {
						CreatedOnToolsVersion = 10.2.1;
					};
					0D9574DC22D8CE26005EAE7B = {
						CreatedOnToolsVersion = 10.2.1;
						TestTargetID = 0D9574C822D8CE1B005EAE7B;
					};
					0D9574E722D8CE26005EAE7B = {
						CreatedOnToolsVersion = 10.2.1;
						TestTargetID = 0D9574C822D8CE1B005EAE7B;
					};
				};
			};
			buildConfigurationList = 0D9574C422D8CE1B005EAE7B /* Build configuration list for PBXProject "StageLightsPrototype" */;
			compatibilityVersion = "Xcode 9.3";
			developmentRegion = en;
			hasScannedForEncodings = 0;
			knownRegions = (
				en,
				Base,
			);
			mainGroup = 0D9574C022D8CE1B005EAE7B;
			productRefGroup = 0D9574CA22D8CE1B005EAE7B /* Products */;
			projectDirPath = "";
			projectRoot = "";
			targets = (
				0D9574C822D8CE1B005EAE7B /* StageLightsPrototype */,
				0D9574DC22D8CE26005EAE7B /* StageLightsPrototypeTests */,
				0D9574E722D8CE26005EAE7B /* StageLightsPrototypeUITests */,
			);
		};
/* End PBXProject section */

/* Begin PBXResourcesBuildPhase section */
		0D9574C722D8CE1B005EAE7B /* Resources */ = {
			isa = PBXResourcesBuildPhase;
			buildActionMask = 2147483647;
			files = (
				0D9574D722D8CE26005EAE7B /* LaunchScreen.storyboard in Resources */,
				0D9574D422D8CE26005EAE7B /* Assets.xcassets in Resources */,
				0D9574D222D8CE1B005EAE7B /* Main.storyboard in Resources */,
			);
			runOnlyForDeploymentPostprocessing = 0;
		};
		0D9574DB22D8CE26005EAE7B /* Resources */ = {
			isa = PBXResourcesBuildPhase;
			buildActionMask = 2147483647;
			files = (
			);
			runOnlyForDeploymentPostprocessing = 0;
		};
		0D9574E622D8CE26005EAE7B /* Resources */ = {
			isa = PBXResourcesBuildPhase;
			buildActionMask = 2147483647;
			files = (
			);
			runOnlyForDeploymentPostprocessing = 0;
		};
/* End PBXResourcesBuildPhase section */

/* Begin PBXSourcesBuildPhase section */
		0D9574C522D8CE1B005EAE7B /* Sources */ = {
			isa = PBXSourcesBuildPhase;
			buildActionMask = 2147483647;
			files = (
				0D9574CF22D8CE1B005EAE7B /* ViewController.swift in Sources */,
				0D9574CD22D8CE1B005EAE7B /* AppDelegate.swift in Sources */,
				0D9574FB22D8D424005EAE7B /* ViewController2.swift in Sources */,
				0D83D64322DE4B2C007DA9AF /* CueTableViewController.swift in Sources */,
				0D83D64522E0E17D007DA9AF /* ViewController4.swift in Sources */,
			);
			runOnlyForDeploymentPostprocessing = 0;
		};
		0D9574D922D8CE26005EAE7B /* Sources */ = {
			isa = PBXSourcesBuildPhase;
			buildActionMask = 2147483647;
			files = (
				0D9574E222D8CE26005EAE7B /* StageLightsPrototypeTests.swift in Sources */,
			);
			runOnlyForDeploymentPostprocessing = 0;
		};
		0D9574E422D8CE26005EAE7B /* Sources */ = {
			isa = PBXSourcesBuildPhase;
			buildActionMask = 2147483647;
			files = (
				0D9574ED22D8CE26005EAE7B /* StageLightsPrototypeUITests.swift in Sources */,
			);
			runOnlyForDeploymentPostprocessing = 0;
		};
/* End PBXSourcesBuildPhase section */

/* Begin PBXTargetDependency section */
		0D9574DF22D8CE26005EAE7B /* PBXTargetDependency */ = {
			isa = PBXTargetDependency;
			target = 0D9574C822D8CE1B005EAE7B /* StageLightsPrototype */;
			targetProxy = 0D9574DE22D8CE26005EAE7B /* PBXContainerItemProxy */;
		};
		0D9574EA22D8CE26005EAE7B /* PBXTargetDependency */ = {
			isa = PBXTargetDependency;
			target = 0D9574C822D8CE1B005EAE7B /* StageLightsPrototype */;
			targetProxy = 0D9574E922D8CE26005EAE7B /* PBXContainerItemProxy */;
		};
/* End PBXTargetDependency section */

/* Begin PBXVariantGroup section */
		0D9574D022D8CE1B005EAE7B /* Main.storyboard */ = {
			isa = PBXVariantGroup;
			children = (
				0D9574D122D8CE1B005EAE7B /* Base */,
			);
			name = Main.storyboard;
			sourceTree = "<group>";
		};
		0D9574D522D8CE26005EAE7B /* LaunchScreen.storyboard */ = {
			isa = PBXVariantGroup;
			children = (
				0D9574D622D8CE26005EAE7B /* Base */,
			);
			name = LaunchScreen.storyboard;
			sourceTree = "<group>";
		};
/* End PBXVariantGroup section */

/* Begin XCBuildConfiguration section */
		0D9574EF22D8CE26005EAE7B /* Debug */ = {
			isa = XCBuildConfiguration;
			buildSettings = {
				ALWAYS_SEARCH_USER_PATHS = NO;
				CLANG_ANALYZER_NONNULL = YES;
				CLANG_ANALYZER_NUMBER_OBJECT_CONVERSION = YES_AGGRESSIVE;
				CLANG_CXX_LANGUAGE_STANDARD = "gnu++14";
				CLANG_CXX_LIBRARY = "libc++";
				CLANG_ENABLE_MODULES = YES;
				CLANG_ENABLE_OBJC_ARC = YES;
				CLANG_ENABLE_OBJC_WEAK = YES;
				CLANG_WARN_BLOCK_CAPTURE_AUTORELEASING = YES;
				CLANG_WARN_BOOL_CONVERSION = YES;
				CLANG_WARN_COMMA = YES;
				CLANG_WARN_CONSTANT_CONVERSION = YES;
				CLANG_WARN_DEPRECATED_OBJC_IMPLEMENTATIONS = YES;
				CLANG_WARN_DIRECT_OBJC_ISA_USAGE = YES_ERROR;
				CLANG_WARN_DOCUMENTATION_COMMENTS = YES;
				CLANG_WARN_EMPTY_BODY = YES;
				CLANG_WARN_ENUM_CONVERSION = YES;
				CLANG_WARN_INFINITE_RECURSION = YES;
				CLANG_WARN_INT_CONVERSION = YES;
				CLANG_WARN_NON_LITERAL_NULL_CONVERSION = YES;
				CLANG_WARN_OBJC_IMPLICIT_RETAIN_SELF = YES;
				CLANG_WARN_OBJC_LITERAL_CONVERSION = YES;
				CLANG_WARN_OBJC_ROOT_CLASS = YES_ERROR;
				CLANG_WARN_RANGE_LOOP_ANALYSIS = YES;
				CLANG_WARN_STRICT_PROTOTYPES = YES;
				CLANG_WARN_SUSPICIOUS_MOVE = YES;
				CLANG_WARN_UNGUARDED_AVAILABILITY = YES_AGGRESSIVE;
				CLANG_WARN_UNREACHABLE_CODE = YES;
				CLANG_WARN__DUPLICATE_METHOD_MATCH = YES;
				CODE_SIGN_IDENTITY = "iPhone Developer";
				COPY_PHASE_STRIP = NO;
				DEBUG_INFORMATION_FORMAT = dwarf;
				ENABLE_STRICT_OBJC_MSGSEND = YES;
				ENABLE_TESTABILITY = YES;
				GCC_C_LANGUAGE_STANDARD = gnu11;
				GCC_DYNAMIC_NO_PIC = NO;
				GCC_NO_COMMON_BLOCKS = YES;
				GCC_OPTIMIZATION_LEVEL = 0;
				GCC_PREPROCESSOR_DEFINITIONS = (
					"DEBUG=1",
					"$(inherited)",
				);
				GCC_WARN_64_TO_32_BIT_CONVERSION = YES;
				GCC_WARN_ABOUT_RETURN_TYPE = YES_ERROR;
				GCC_WARN_UNDECLARED_SELECTOR = YES;
				GCC_WARN_UNINITIALIZED_AUTOS = YES_AGGRESSIVE;
				GCC_WARN_UNUSED_FUNCTION = YES;
				GCC_WARN_UNUSED_VARIABLE = YES;
				IPHONEOS_DEPLOYMENT_TARGET = 12.2;
				MTL_ENABLE_DEBUG_INFO = INCLUDE_SOURCE;
				MTL_FAST_MATH = YES;
				ONLY_ACTIVE_ARCH = YES;
				SDKROOT = iphoneos;
				SWIFT_ACTIVE_COMPILATION_CONDITIONS = DEBUG;
				SWIFT_OPTIMIZATION_LEVEL = "-Onone";
			};
			name = Debug;
		};
		0D9574F022D8CE26005EAE7B /* Release */ = {
			isa = XCBuildConfiguration;
			buildSettings = {
				ALWAYS_SEARCH_USER_PATHS = NO;
				CLANG_ANALYZER_NONNULL = YES;
				CLANG_ANALYZER_NUMBER_OBJECT_CONVERSION = YES_AGGRESSIVE;
				CLANG_CXX_LANGUAGE_STANDARD = "gnu++14";
				CLANG_CXX_LIBRARY = "libc++";
				CLANG_ENABLE_MODULES = YES;
				CLANG_ENABLE_OBJC_ARC = YES;
				CLANG_ENABLE_OBJC_WEAK = YES;
				CLANG_WARN_BLOCK_CAPTURE_AUTORELEASING = YES;
				CLANG_WARN_BOOL_CONVERSION = YES;
				CLANG_WARN_COMMA = YES;
				CLANG_WARN_CONSTANT_CONVERSION = YES;
				CLANG_WARN_DEPRECATED_OBJC_IMPLEMENTATIONS = YES;
				CLANG_WARN_DIRECT_OBJC_ISA_USAGE = YES_ERROR;
				CLANG_WARN_DOCUMENTATION_COMMENTS = YES;
				CLANG_WARN_EMPTY_BODY = YES;
				CLANG_WARN_ENUM_CONVERSION = YES;
				CLANG_WARN_INFINITE_RECURSION = YES;
				CLANG_WARN_INT_CONVERSION = YES;
				CLANG_WARN_NON_LITERAL_NULL_CONVERSION = YES;
				CLANG_WARN_OBJC_IMPLICIT_RETAIN_SELF = YES;
				CLANG_WARN_OBJC_LITERAL_CONVERSION = YES;
				CLANG_WARN_OBJC_ROOT_CLASS = YES_ERROR;
				CLANG_WARN_RANGE_LOOP_ANALYSIS = YES;
				CLANG_WARN_STRICT_PROTOTYPES = YES;
				CLANG_WARN_SUSPICIOUS_MOVE = YES;
				CLANG_WARN_UNGUARDED_AVAILABILITY = YES_AGGRESSIVE;
				CLANG_WARN_UNREACHABLE_CODE = YES;
				CLANG_WARN__DUPLICATE_METHOD_MATCH = YES;
				CODE_SIGN_IDENTITY = "iPhone Developer";
				COPY_PHASE_STRIP = NO;
				DEBUG_INFORMATION_FORMAT = "dwarf-with-dsym";
				ENABLE_NS_ASSERTIONS = NO;
				ENABLE_STRICT_OBJC_MSGSEND = YES;
				GCC_C_LANGUAGE_STANDARD = gnu11;
				GCC_NO_COMMON_BLOCKS = YES;
				GCC_WARN_64_TO_32_BIT_CONVERSION = YES;
				GCC_WARN_ABOUT_RETURN_TYPE = YES_ERROR;
				GCC_WARN_UNDECLARED_SELECTOR = YES;
				GCC_WARN_UNINITIALIZED_AUTOS = YES_AGGRESSIVE;
				GCC_WARN_UNUSED_FUNCTION = YES;
				GCC_WARN_UNUSED_VARIABLE = YES;
				IPHONEOS_DEPLOYMENT_TARGET = 12.2;
				MTL_ENABLE_DEBUG_INFO = NO;
				MTL_FAST_MATH = YES;
				SDKROOT = iphoneos;
				SWIFT_COMPILATION_MODE = wholemodule;
				SWIFT_OPTIMIZATION_LEVEL = "-O";
				VALIDATE_PRODUCT = YES;
			};
			name = Release;
		};
		0D9574F222D8CE26005EAE7B /* Debug */ = {
			isa = XCBuildConfiguration;
			buildSettings = {
				ASSETCATALOG_COMPILER_APPICON_NAME = AppIcon;
				CODE_SIGN_STYLE = Automatic;
				DEVELOPMENT_TEAM = P8VQ7B23WL;
				INFOPLIST_FILE = StageLightsPrototype/Info.plist;
				LD_RUNPATH_SEARCH_PATHS = (
					"$(inherited)",
					"@executable_path/Frameworks",
				);
				PRODUCT_BUNDLE_IDENTIFIER = com.SparkyDesigns.StageLightsPrototype;
				PRODUCT_NAME = "$(TARGET_NAME)";
				SWIFT_VERSION = 5.0;
				TARGETED_DEVICE_FAMILY = "1,2";
			};
			name = Debug;
		};
		0D9574F322D8CE26005EAE7B /* Release */ = {
			isa = XCBuildConfiguration;
			buildSettings = {
				ASSETCATALOG_COMPILER_APPICON_NAME = AppIcon;
				CODE_SIGN_STYLE = Automatic;
				DEVELOPMENT_TEAM = P8VQ7B23WL;
				INFOPLIST_FILE = StageLightsPrototype/Info.plist;
				LD_RUNPATH_SEARCH_PATHS = (
					"$(inherited)",
					"@executable_path/Frameworks",
				);
				PRODUCT_BUNDLE_IDENTIFIER = com.SparkyDesigns.StageLightsPrototype;
				PRODUCT_NAME = "$(TARGET_NAME)";
				SWIFT_VERSION = 5.0;
				TARGETED_DEVICE_FAMILY = "1,2";
			};
			name = Release;
		};
		0D9574F522D8CE26005EAE7B /* Debug */ = {
			isa = XCBuildConfiguration;
			buildSettings = {
				ALWAYS_EMBED_SWIFT_STANDARD_LIBRARIES = YES;
				BUNDLE_LOADER = "$(TEST_HOST)";
				CODE_SIGN_STYLE = Automatic;
				INFOPLIST_FILE = StageLightsPrototypeTests/Info.plist;
				LD_RUNPATH_SEARCH_PATHS = (
					"$(inherited)",
					"@executable_path/Frameworks",
					"@loader_path/Frameworks",
				);
				PRODUCT_BUNDLE_IDENTIFIER = com.SparkyDesigns.StageLightsPrototypeTests;
				PRODUCT_NAME = "$(TARGET_NAME)";
				SWIFT_VERSION = 5.0;
				TARGETED_DEVICE_FAMILY = "1,2";
				TEST_HOST = "$(BUILT_PRODUCTS_DIR)/StageLightsPrototype.app/StageLightsPrototype";
			};
			name = Debug;
		};
		0D9574F622D8CE26005EAE7B /* Release */ = {
			isa = XCBuildConfiguration;
			buildSettings = {
				ALWAYS_EMBED_SWIFT_STANDARD_LIBRARIES = YES;
				BUNDLE_LOADER = "$(TEST_HOST)";
				CODE_SIGN_STYLE = Automatic;
				INFOPLIST_FILE = StageLightsPrototypeTests/Info.plist;
				LD_RUNPATH_SEARCH_PATHS = (
					"$(inherited)",
					"@executable_path/Frameworks",
					"@loader_path/Frameworks",
				);
				PRODUCT_BUNDLE_IDENTIFIER = com.SparkyDesigns.StageLightsPrototypeTests;
				PRODUCT_NAME = "$(TARGET_NAME)";
				SWIFT_VERSION = 5.0;
				TARGETED_DEVICE_FAMILY = "1,2";
				TEST_HOST = "$(BUILT_PRODUCTS_DIR)/StageLightsPrototype.app/StageLightsPrototype";
			};
			name = Release;
		};
		0D9574F822D8CE26005EAE7B /* Debug */ = {
			isa = XCBuildConfiguration;
			buildSettings = {
				ALWAYS_EMBED_SWIFT_STANDARD_LIBRARIES = YES;
				CODE_SIGN_STYLE = Automatic;
				INFOPLIST_FILE = StageLightsPrototypeUITests/Info.plist;
				LD_RUNPATH_SEARCH_PATHS = (
					"$(inherited)",
					"@executable_path/Frameworks",
					"@loader_path/Frameworks",
				);
				PRODUCT_BUNDLE_IDENTIFIER = com.SparkyDesigns.StageLightsPrototypeUITests;
				PRODUCT_NAME = "$(TARGET_NAME)";
				SWIFT_VERSION = 5.0;
				TARGETED_DEVICE_FAMILY = "1,2";
				TEST_TARGET_NAME = StageLightsPrototype;
			};
			name = Debug;
		};
		0D9574F922D8CE26005EAE7B /* Release */ = {
			isa = XCBuildConfiguration;
			buildSettings = {
				ALWAYS_EMBED_SWIFT_STANDARD_LIBRARIES = YES;
				CODE_SIGN_STYLE = Automatic;
				INFOPLIST_FILE = StageLightsPrototypeUITests/Info.plist;
				LD_RUNPATH_SEARCH_PATHS = (
					"$(inherited)",
					"@executable_path/Frameworks",
					"@loader_path/Frameworks",
				);
				PRODUCT_BUNDLE_IDENTIFIER = com.SparkyDesigns.StageLightsPrototypeUITests;
				PRODUCT_NAME = "$(TARGET_NAME)";
				SWIFT_VERSION = 5.0;
				TARGETED_DEVICE_FAMILY = "1,2";
				TEST_TARGET_NAME = StageLightsPrototype;
			};
			name = Release;
		};
/* End XCBuildConfiguration section */

/* Begin XCConfigurationList section */
		0D9574C422D8CE1B005EAE7B /* Build configuration list for PBXProject "StageLightsPrototype" */ = {
			isa = XCConfigurationList;
			buildConfigurations = (
				0D9574EF22D8CE26005EAE7B /* Debug */,
				0D9574F022D8CE26005EAE7B /* Release */,
			);
			defaultConfigurationIsVisible = 0;
			defaultConfigurationName = Release;
		};
		0D9574F122D8CE26005EAE7B /* Build configuration list for PBXNativeTarget "StageLightsPrototype" */ = {
			isa = XCConfigurationList;
			buildConfigurations = (
				0D9574F222D8CE26005EAE7B /* Debug */,
				0D9574F322D8CE26005EAE7B /* Release */,
			);
			defaultConfigurationIsVisible = 0;
			defaultConfigurationName = Release;
		};
		0D9574F422D8CE26005EAE7B /* Build configuration list for PBXNativeTarget "StageLightsPrototypeTests" */ = {
			isa = XCConfigurationList;
			buildConfigurations = (
				0D9574F522D8CE26005EAE7B /* Debug */,
				0D9574F622D8CE26005EAE7B /* Release */,
			);
			defaultConfigurationIsVisible = 0;
			defaultConfigurationName = Release;
		};
		0D9574F722D8CE26005EAE7B /* Build configuration list for PBXNativeTarget "StageLightsPrototypeUITests" */ = {
			isa = XCConfigurationList;
			buildConfigurations = (
				0D9574F822D8CE26005EAE7B /* Debug */,
				0D9574F922D8CE26005EAE7B /* Release */,
			);
			defaultConfigurationIsVisible = 0;
			defaultConfigurationName = Release;
		};
/* End XCConfigurationList section */
	};
	rootObject = 0D9574C122D8CE1B005EAE7B /* Project object */;
}
